
Microsoft Visual Studio Solution File, Format Version 12.00
# Visual Studio 15
VisualStudioVersion = 15.0.28307.329
MinimumVisualStudioVersion = 10.0.40219.1
Project("{8BC9CEB8-8B4A-11D0-8D11-00A0C91BC942}") = "kursov2", "kursov2\kursov2.vcxproj", "{90BD4ECD-A8BD-4F4C-B311-9D9B24F7473D}"
EndProject
Global
	GlobalSection(SolutionConfigurationPlatforms) = preSolution
		Debug|x64 = Debug|x64
		Debug|x86 = Debug|x86
		Release|x64 = Release|x64
		Release|x86 = Release|x86
	EndGlobalSection
	GlobalSection(ProjectConfigurationPlatforms) = postSolution
		{90BD4ECD-A8BD-4F4C-B311-9D9B24F7473D}.Debug|x64.ActiveCfg = Debug|x64
		{90BD4ECD-A8BD-4F4C-B311-9D9B24F7473D}.Debug|x64.Build.0 = Debug|x64
		{90BD4ECD-A8BD-4F4C-B311-9D9B24F7473D}.Debug|x86.ActiveCfg = Debug|Win32
		{90BD4ECD-A8BD-4F4C-B311-9D9B24F7473D}.Debug|x86.Build.0 = Debug|Win32
		{90BD4ECD-A8BD-4F4C-B311-9D9B24F7473D}.Release|x64.ActiveCfg = Release|x64
		{90BD4ECD-A8BD-4F4C-B311-9D9B24F7473D}.Release|x64.Build.0 = Release|x64
		{90BD4ECD-A8BD-4F4C-B311-9D9B24F7473D}.Release|x86.ActiveCfg = Release|Win32
		{90BD4ECD-A8BD-4F4C-B311-9D9B24F7473D}.Release|x86.Build.0 = Release|Win32
	EndGlobalSection
	GlobalSection(SolutionProperties) = preSolution
		HideSolutionNode = FALSE
	EndGlobalSection
	GlobalSection(ExtensibilityGlobals) = postSolution
		SolutionGuid = {0A8CF063-1CC4-4D4F-B116-2E378221D85D}
	EndGlobalSection
EndGlobal
